
Microsoft Visual Studio Solution File, Format Version 12.00
# Visual Studio 14
VisualStudioVersion = 14.0.25420.1
MinimumVisualStudioVersion = 10.0.40219.1
Project("{FAE04EC0-301F-11D3-BF4B-00C04F79EFBC}") = "SocketProgramming", "SocketProgramming\SocketProgramming.csproj", "{56F75D31-B956-455E-B295-C8340EED0A67}"
EndProject
Project("{FAE04EC0-301F-11D3-BF4B-00C04F79EFBC}") = "Client", "Client\Client.csproj", "{E43EFD12-D27B-46BE-8833-8435CADAC88D}"
EndProject
Global
	GlobalSection(SolutionConfigurationPlatforms) = preSolution
		Debug|Any CPU = Debug|Any CPU
		Release|Any CPU = Release|Any CPU
	EndGlobalSection
	GlobalSection(ProjectConfigurationPlatforms) = postSolution
		{56F75D31-B956-455E-B295-C8340EED0A67}.Debug|Any CPU.ActiveCfg = Debug|Any CPU
		{56F75D31-B956-455E-B295-C8340EED0A67}.Debug|Any CPU.Build.0 = Debug|Any CPU
		{56F75D31-B956-455E-B295-C8340EED0A67}.Release|Any CPU.ActiveCfg = Release|Any CPU
		{56F75D31-B956-455E-B295-C8340EED0A67}.Release|Any CPU.Build.0 = Release|Any CPU
		{E43EFD12-D27B-46BE-8833-8435CADAC88D}.Debug|Any CPU.ActiveCfg = Debug|Any CPU
		{E43EFD12-D27B-46BE-8833-8435CADAC88D}.Debug|Any CPU.Build.0 = Debug|Any CPU
		{E43EFD12-D27B-46BE-8833-8435CADAC88D}.Release|Any CPU.ActiveCfg = Release|Any CPU
		{E43EFD12-D27B-46BE-8833-8435CADAC88D}.Release|Any CPU.Build.0 = Release|Any CPU
	EndGlobalSection
	GlobalSection(SolutionProperties) = preSolution
		HideSolutionNode = FALSE
	EndGlobalSection
EndGlobal
